
Microsoft Visual Studio Solution File, Format Version 12.00
# Visual Studio Version 17
VisualStudioVersion = 17.0.31903.59
MinimumVisualStudioVersion = 10.0.40219.1
Project("{FAE04EC0-301F-11D3-BF4B-00C04F79EFBC}") = "AzDevOpsApi", "AzDevOpsApi\AzDevOpsApi.csproj", "{33E08696-CF6C-4726-B6D9-785DC1F7D47F}"
EndProject
Project("{FAE04EC0-301F-11D3-BF4B-00C04F79EFBC}") = "AzDevOpsApi.Tests", "AzDevOpsApi.Tests\AzDevOpsApi.Tests.csproj", "{DDCC865F-6B62-441C-948B-0C4125B992F4}"
EndProject
Global
	GlobalSection(SolutionConfigurationPlatforms) = preSolution
		Debug|Any CPU = Debug|Any CPU
		Release|Any CPU = Release|Any CPU
	EndGlobalSection
	GlobalSection(SolutionProperties) = preSolution
		HideSolutionNode = FALSE
	EndGlobalSection
	GlobalSection(ProjectConfigurationPlatforms) = postSolution
		{33E08696-CF6C-4726-B6D9-785DC1F7D47F}.Debug|Any CPU.ActiveCfg = Debug|Any CPU
		{33E08696-CF6C-4726-B6D9-785DC1F7D47F}.Debug|Any CPU.Build.0 = Debug|Any CPU
		{33E08696-CF6C-4726-B6D9-785DC1F7D47F}.Release|Any CPU.ActiveCfg = Release|Any CPU
		{33E08696-CF6C-4726-B6D9-785DC1F7D47F}.Release|Any CPU.Build.0 = Release|Any CPU
		{DDCC865F-6B62-441C-948B-0C4125B992F4}.Debug|Any CPU.ActiveCfg = Debug|Any CPU
		{DDCC865F-6B62-441C-948B-0C4125B992F4}.Debug|Any CPU.Build.0 = Debug|Any CPU
		{DDCC865F-6B62-441C-948B-0C4125B992F4}.Release|Any CPU.ActiveCfg = Release|Any CPU
		{DDCC865F-6B62-441C-948B-0C4125B992F4}.Release|Any CPU.Build.0 = Release|Any CPU
	EndGlobalSection
EndGlobal
